
Microsoft Visual Studio Solution File, Format Version 12.00
# Visual Studio 15
VisualStudioVersion = 15.0.27703.2035
MinimumVisualStudioVersion = 10.0.40219.1
Project("{FAE04EC0-301F-11D3-BF4B-00C04F79EFBC}") = "Bonnie", "Bonnie\Bonnie.csproj", "{A1DBF110-E74C-432A-B19C-114DDAD5B7F1}"
EndProject
Global
	GlobalSection(SolutionConfigurationPlatforms) = preSolution
		Debug|Any CPU = Debug|Any CPU
		Release|Any CPU = Release|Any CPU
	EndGlobalSection
	GlobalSection(ProjectConfigurationPlatforms) = postSolution
		{A1DBF110-E74C-432A-B19C-114DDAD5B7F1}.Debug|Any CPU.ActiveCfg = Debug|Any CPU
		{A1DBF110-E74C-432A-B19C-114DDAD5B7F1}.Debug|Any CPU.Build.0 = Debug|Any CPU
		{A1DBF110-E74C-432A-B19C-114DDAD5B7F1}.Release|Any CPU.ActiveCfg = Release|Any CPU
		{A1DBF110-E74C-432A-B19C-114DDAD5B7F1}.Release|Any CPU.Build.0 = Release|Any CPU
	EndGlobalSection
	GlobalSection(SolutionProperties) = preSolution
		HideSolutionNode = FALSE
	EndGlobalSection
	GlobalSection(ExtensibilityGlobals) = postSolution
		SolutionGuid = {D8B4D1B1-C7DF-4AC7-8698-932B93AD6228}
	EndGlobalSection
EndGlobal
